{
  "lockfileVersion": 1,
  "configVersion": 1,
  "workspaces": {
    "": {
      "name": "ultra-bun",
      "devDependencies": {
        "prettier": "3.8.2",
      },
    },
    "configs/typescript": {
      "name": "@repo/typescript-config",
    },
  },
  "catalog": {
    "@types/bun": "^1.3.11",
    "typescript": "^6.0.2",
  },
  "packages": {
    "@repo/typescript-config": ["@repo/typescript-config@workspace:configs/typescript"],

    "prettier": ["prettier@3.8.2", "", { "bin": { "prettier": "bin/prettier.cjs" } }, "sha512-8c3mgTe0ASwWAJK+78dpviD+A8EqhndQPUBpNUIPt6+xWlIigCwfN01lWr9MAede4uqXGTEKeQWTvzb3vjia0Q=="],
  }
}
